
Microsoft Visual Studio Solution File, Format Version 12.00
# Visual Studio Version 17
VisualStudioVersion = 17.11.35327.3
MinimumVisualStudioVersion = 10.0.40219.1
Project("{2150E333-8FDC-42A3-9474-1A3956D46DE8}") = "src", "src", "{082D64AE-37AA-4505-BBB0-A8246B72E867}"
EndProject
Project("{2150E333-8FDC-42A3-9474-1A3956D46DE8}") = "Building Blocks", "Building Blocks", "{EB62F35A-7AC3-4531-9F2F-146F1C694286}"
EndProject
Project("{2150E333-8FDC-42A3-9474-1A3956D46DE8}") = "Services", "Services", "{D90BF1EA-22DA-48D1-A60C-C2EEAEA84FFC}"
EndProject
Project("{2150E333-8FDC-42A3-9474-1A3956D46DE8}") = "Web", "Web", "{91164357-AAC4-44DB-9234-CB10CB1CECBB}"
EndProject
Project("{2150E333-8FDC-42A3-9474-1A3956D46DE8}") = "Identidade", "Identidade", "{F558EEA0-F0FA-467E-8BD6-AECE18E67611}"
EndProject
Project("{FAE04EC0-301F-11D3-BF4B-00C04F79EFBC}") = "SEC.Identidade.API", "src\services\SEC.Identidade.API\SEC.Identidade.API.csproj", "{9B6397ED-449E-49DD-8365-804B7ED40F6E}"
EndProject
Project("{2150E333-8FDC-42A3-9474-1A3956D46DE8}") = "MVC", "MVC", "{099F6D97-D007-4A71-9311-F75EDC8BFE4E}"
EndProject
Project("{FAE04EC0-301F-11D3-BF4B-00C04F79EFBC}") = "SEC.WebApp.MVC", "src\web\SEC.WebApp.MVC\SEC.WebApp.MVC.csproj", "{3BC7E903-351B-440F-B499-B7498EA42536}"
EndProject
Project("{2150E333-8FDC-42A3-9474-1A3956D46DE8}") = "Core", "Core", "{039F0FEC-C296-46D5-B3B5-04BA9A1D2A7D}"
EndProject
Project("{FAE04EC0-301F-11D3-BF4B-00C04F79EFBC}") = "SEC.Core", "src\building blocks\SEC.Core\SEC.Core.csproj", "{E9809228-F16C-4397-8A8B-DC3A0AB8E0E0}"
EndProject
Project("{2150E333-8FDC-42A3-9474-1A3956D46DE8}") = "Carrinho", "Carrinho", "{8F976C8C-23A3-4F5A-890E-6B35E5D034F8}"
EndProject
Project("{FAE04EC0-301F-11D3-BF4B-00C04F79EFBC}") = "SEC.Carrinho.API", "src\services\SEC.Carrinho.API\SEC.Carrinho.API.csproj", "{020D40A6-5370-4868-A26C-C0624802573D}"
EndProject
Project("{2150E333-8FDC-42A3-9474-1A3956D46DE8}") = "Catalogo", "Catalogo", "{62E0A91A-E6EF-46F4-BCB1-F36C072F46E5}"
EndProject
Project("{FAE04EC0-301F-11D3-BF4B-00C04F79EFBC}") = "SEC.Catalogo.API", "src\services\SEC.Catalogo.API\SEC.Catalogo.API.csproj", "{5EAB0AA4-D9D6-41AE-9566-2E96F0ADE896}"
EndProject
Project("{2150E333-8FDC-42A3-9474-1A3956D46DE8}") = "Cliente", "Cliente", "{B4C98CBA-5410-4B37-8628-5570CDA51DAF}"
EndProject
Project("{FAE04EC0-301F-11D3-BF4B-00C04F79EFBC}") = "SEC.Cliente.API", "src\services\SEC.Cliente.API\SEC.Cliente.API.csproj", "{CE753948-C850-4DF0-A071-C2925053D19F}"
EndProject
Project("{2150E333-8FDC-42A3-9474-1A3956D46DE8}") = "Pagamento", "Pagamento", "{E1CE94FB-B237-4097-A35A-C188333203F4}"
EndProject
Project("{2150E333-8FDC-42A3-9474-1A3956D46DE8}") = "Pedido", "Pedido", "{72A61D2F-E789-4521-AB95-4C6C8D2180E8}"
EndProject
Project("{FAE04EC0-301F-11D3-BF4B-00C04F79EFBC}") = "SEC.Pagamento.API", "src\services\SEC.Pagamento.API\SEC.Pagamento.API.csproj", "{003480DA-3EF8-4585-AF39-31BD9AE34DFD}"
EndProject
Project("{FAE04EC0-301F-11D3-BF4B-00C04F79EFBC}") = "SEC.Pedido.API", "src\services\SEC.Pedido.API\SEC.Pedido.API.csproj", "{F442CF96-CDD3-4680-A4DF-39BBC8417F5E}"
EndProject
Global
	GlobalSection(SolutionConfigurationPlatforms) = preSolution
		Debug|Any CPU = Debug|Any CPU
		Release|Any CPU = Release|Any CPU
	EndGlobalSection
	GlobalSection(ProjectConfigurationPlatforms) = postSolution
		{9B6397ED-449E-49DD-8365-804B7ED40F6E}.Debug|Any CPU.ActiveCfg = Debug|Any CPU
		{9B6397ED-449E-49DD-8365-804B7ED40F6E}.Debug|Any CPU.Build.0 = Debug|Any CPU
		{9B6397ED-449E-49DD-8365-804B7ED40F6E}.Release|Any CPU.ActiveCfg = Release|Any CPU
		{9B6397ED-449E-49DD-8365-804B7ED40F6E}.Release|Any CPU.Build.0 = Release|Any CPU
		{3BC7E903-351B-440F-B499-B7498EA42536}.Debug|Any CPU.ActiveCfg = Debug|Any CPU
		{3BC7E903-351B-440F-B499-B7498EA42536}.Debug|Any CPU.Build.0 = Debug|Any CPU
		{3BC7E903-351B-440F-B499-B7498EA42536}.Release|Any CPU.ActiveCfg = Release|Any CPU
		{3BC7E903-351B-440F-B499-B7498EA42536}.Release|Any CPU.Build.0 = Release|Any CPU
		{E9809228-F16C-4397-8A8B-DC3A0AB8E0E0}.Debug|Any CPU.ActiveCfg = Debug|Any CPU
		{E9809228-F16C-4397-8A8B-DC3A0AB8E0E0}.Debug|Any CPU.Build.0 = Debug|Any CPU
		{E9809228-F16C-4397-8A8B-DC3A0AB8E0E0}.Release|Any CPU.ActiveCfg = Release|Any CPU
		{E9809228-F16C-4397-8A8B-DC3A0AB8E0E0}.Release|Any CPU.Build.0 = Release|Any CPU
		{020D40A6-5370-4868-A26C-C0624802573D}.Debug|Any CPU.ActiveCfg = Debug|Any CPU
		{020D40A6-5370-4868-A26C-C0624802573D}.Debug|Any CPU.Build.0 = Debug|Any CPU
		{020D40A6-5370-4868-A26C-C0624802573D}.Release|Any CPU.ActiveCfg = Release|Any CPU
		{020D40A6-5370-4868-A26C-C0624802573D}.Release|Any CPU.Build.0 = Release|Any CPU
		{5EAB0AA4-D9D6-41AE-9566-2E96F0ADE896}.Debug|Any CPU.ActiveCfg = Debug|Any CPU
		{5EAB0AA4-D9D6-41AE-9566-2E96F0ADE896}.Debug|Any CPU.Build.0 = Debug|Any CPU
		{5EAB0AA4-D9D6-41AE-9566-2E96F0ADE896}.Release|Any CPU.ActiveCfg = Release|Any CPU
		{5EAB0AA4-D9D6-41AE-9566-2E96F0ADE896}.Release|Any CPU.Build.0 = Release|Any CPU
		{CE753948-C850-4DF0-A071-C2925053D19F}.Debug|Any CPU.ActiveCfg = Debug|Any CPU
		{CE753948-C850-4DF0-A071-C2925053D19F}.Debug|Any CPU.Build.0 = Debug|Any CPU
		{CE753948-C850-4DF0-A071-C2925053D19F}.Release|Any CPU.ActiveCfg = Release|Any CPU
		{CE753948-C850-4DF0-A071-C2925053D19F}.Release|Any CPU.Build.0 = Release|Any CPU
		{003480DA-3EF8-4585-AF39-31BD9AE34DFD}.Debug|Any CPU.ActiveCfg = Debug|Any CPU
		{003480DA-3EF8-4585-AF39-31BD9AE34DFD}.Debug|Any CPU.Build.0 = Debug|Any CPU
		{003480DA-3EF8-4585-AF39-31BD9AE34DFD}.Release|Any CPU.ActiveCfg = Release|Any CPU
		{003480DA-3EF8-4585-AF39-31BD9AE34DFD}.Release|Any CPU.Build.0 = Release|Any CPU
		{F442CF96-CDD3-4680-A4DF-39BBC8417F5E}.Debug|Any CPU.ActiveCfg = Debug|Any CPU
		{F442CF96-CDD3-4680-A4DF-39BBC8417F5E}.Debug|Any CPU.Build.0 = Debug|Any CPU
		{F442CF96-CDD3-4680-A4DF-39BBC8417F5E}.Release|Any CPU.ActiveCfg = Release|Any CPU
		{F442CF96-CDD3-4680-A4DF-39BBC8417F5E}.Release|Any CPU.Build.0 = Release|Any CPU
	EndGlobalSection
	GlobalSection(SolutionProperties) = preSolution
		HideSolutionNode = FALSE
	EndGlobalSection
	GlobalSection(NestedProjects) = preSolution
		{EB62F35A-7AC3-4531-9F2F-146F1C694286} = {082D64AE-37AA-4505-BBB0-A8246B72E867}
		{D90BF1EA-22DA-48D1-A60C-C2EEAEA84FFC} = {082D64AE-37AA-4505-BBB0-A8246B72E867}
		{91164357-AAC4-44DB-9234-CB10CB1CECBB} = {082D64AE-37AA-4505-BBB0-A8246B72E867}
		{F558EEA0-F0FA-467E-8BD6-AECE18E67611} = {D90BF1EA-22DA-48D1-A60C-C2EEAEA84FFC}
		{9B6397ED-449E-49DD-8365-804B7ED40F6E} = {F558EEA0-F0FA-467E-8BD6-AECE18E67611}
		{099F6D97-D007-4A71-9311-F75EDC8BFE4E} = {91164357-AAC4-44DB-9234-CB10CB1CECBB}
		{3BC7E903-351B-440F-B499-B7498EA42536} = {099F6D97-D007-4A71-9311-F75EDC8BFE4E}
		{039F0FEC-C296-46D5-B3B5-04BA9A1D2A7D} = {EB62F35A-7AC3-4531-9F2F-146F1C694286}
		{E9809228-F16C-4397-8A8B-DC3A0AB8E0E0} = {039F0FEC-C296-46D5-B3B5-04BA9A1D2A7D}
		{8F976C8C-23A3-4F5A-890E-6B35E5D034F8} = {D90BF1EA-22DA-48D1-A60C-C2EEAEA84FFC}
		{020D40A6-5370-4868-A26C-C0624802573D} = {8F976C8C-23A3-4F5A-890E-6B35E5D034F8}
		{62E0A91A-E6EF-46F4-BCB1-F36C072F46E5} = {D90BF1EA-22DA-48D1-A60C-C2EEAEA84FFC}
		{5EAB0AA4-D9D6-41AE-9566-2E96F0ADE896} = {62E0A91A-E6EF-46F4-BCB1-F36C072F46E5}
		{B4C98CBA-5410-4B37-8628-5570CDA51DAF} = {D90BF1EA-22DA-48D1-A60C-C2EEAEA84FFC}
		{CE753948-C850-4DF0-A071-C2925053D19F} = {B4C98CBA-5410-4B37-8628-5570CDA51DAF}
		{E1CE94FB-B237-4097-A35A-C188333203F4} = {D90BF1EA-22DA-48D1-A60C-C2EEAEA84FFC}
		{72A61D2F-E789-4521-AB95-4C6C8D2180E8} = {D90BF1EA-22DA-48D1-A60C-C2EEAEA84FFC}
		{003480DA-3EF8-4585-AF39-31BD9AE34DFD} = {E1CE94FB-B237-4097-A35A-C188333203F4}
		{F442CF96-CDD3-4680-A4DF-39BBC8417F5E} = {72A61D2F-E789-4521-AB95-4C6C8D2180E8}
	EndGlobalSection
	GlobalSection(ExtensibilityGlobals) = postSolution
		SolutionGuid = {03931477-6E0D-4D0B-804E-2A4291A38910}
	EndGlobalSection
EndGlobal
